
Microsoft Visual Studio Solution File, Format Version 12.00
# Visual Studio 2013
VisualStudioVersion = 12.0.21005.1
MinimumVisualStudioVersion = 10.0.40219.1
Project("{FAE04EC0-301F-11D3-BF4B-00C04F79EFBC}") = "C4InventorySerialization", "C4InventorySerialization\C4InventorySerialization.csproj", "{622BA529-E8CC-4410-924B-95772E4C15D7}"
EndProject
Project("{FAE04EC0-301F-11D3-BF4B-00C04F79EFBC}") = "Persistence", "Persistence\Persistence.csproj", "{B1AA3487-CB02-48DC-8525-151B32859C0C}"
EndProject
Project("{FAE04EC0-301F-11D3-BF4B-00C04F79EFBC}") = "Domain", "Domain\Domain.csproj", "{1D3BCFE2-BC96-4D9C-BD03-F6D352635E0C}"
EndProject
Project("{FAE04EC0-301F-11D3-BF4B-00C04F79EFBC}") = "Common", "Common\Common.csproj", "{899B57C1-EA00-482C-B7D8-CEFCF03C46C6}"
EndProject
Project("{FAE04EC0-301F-11D3-BF4B-00C04F79EFBC}") = "ApplicationSource", "ApplicationSource\ApplicationSource.csproj", "{A701DFB2-38EC-4787-9C0F-A613A9BC579F}"
EndProject
Project("{2150E333-8FDC-42A3-9474-1A3956D46DE8}") = "Resources", "Resources", "{FB8A33A5-2CBB-44B3-9661-17ACD397E298}"
	ProjectSection(SolutionItems) = preProject
		..\3rd Party Libraries\iBatis\provider.xsd = ..\3rd Party Libraries\iBatis\provider.xsd
		..\3rd Party Libraries\iBatis\SqlMap.xsd = ..\3rd Party Libraries\iBatis\SqlMap.xsd
		..\3rd Party Libraries\iBatis\SqlMapConfig.xsd = ..\3rd Party Libraries\iBatis\SqlMapConfig.xsd
	EndProjectSection
EndProject
Project("{FAE04EC0-301F-11D3-BF4B-00C04F79EFBC}") = "UnitTests", "UnitTests\UnitTests.csproj", "{9C76A7E7-082B-452B-9D72-54DC161B6E71}"
EndProject
Global
	GlobalSection(SolutionConfigurationPlatforms) = preSolution
		ChromeTesting|Any CPU = ChromeTesting|Any CPU
		Debug|Any CPU = Debug|Any CPU
		Release|Any CPU = Release|Any CPU
		Staging|Any CPU = Staging|Any CPU
	EndGlobalSection
	GlobalSection(ProjectConfigurationPlatforms) = postSolution
		{622BA529-E8CC-4410-924B-95772E4C15D7}.ChromeTesting|Any CPU.ActiveCfg = Release|Any CPU
		{622BA529-E8CC-4410-924B-95772E4C15D7}.ChromeTesting|Any CPU.Build.0 = Release|Any CPU
		{622BA529-E8CC-4410-924B-95772E4C15D7}.Debug|Any CPU.ActiveCfg = Debug|Any CPU
		{622BA529-E8CC-4410-924B-95772E4C15D7}.Debug|Any CPU.Build.0 = Debug|Any CPU
		{622BA529-E8CC-4410-924B-95772E4C15D7}.Release|Any CPU.ActiveCfg = Release|Any CPU
		{622BA529-E8CC-4410-924B-95772E4C15D7}.Release|Any CPU.Build.0 = Release|Any CPU
		{622BA529-E8CC-4410-924B-95772E4C15D7}.Staging|Any CPU.ActiveCfg = Release|Any CPU
		{622BA529-E8CC-4410-924B-95772E4C15D7}.Staging|Any CPU.Build.0 = Release|Any CPU
		{B1AA3487-CB02-48DC-8525-151B32859C0C}.ChromeTesting|Any CPU.ActiveCfg = ChromeTesting|Any CPU
		{B1AA3487-CB02-48DC-8525-151B32859C0C}.ChromeTesting|Any CPU.Build.0 = ChromeTesting|Any CPU
		{B1AA3487-CB02-48DC-8525-151B32859C0C}.Debug|Any CPU.ActiveCfg = Debug|Any CPU
		{B1AA3487-CB02-48DC-8525-151B32859C0C}.Debug|Any CPU.Build.0 = Debug|Any CPU
		{B1AA3487-CB02-48DC-8525-151B32859C0C}.Release|Any CPU.ActiveCfg = Release|Any CPU
		{B1AA3487-CB02-48DC-8525-151B32859C0C}.Release|Any CPU.Build.0 = Release|Any CPU
		{B1AA3487-CB02-48DC-8525-151B32859C0C}.Staging|Any CPU.ActiveCfg = Staging|Any CPU
		{B1AA3487-CB02-48DC-8525-151B32859C0C}.Staging|Any CPU.Build.0 = Staging|Any CPU
		{1D3BCFE2-BC96-4D9C-BD03-F6D352635E0C}.ChromeTesting|Any CPU.ActiveCfg = Release|Any CPU
		{1D3BCFE2-BC96-4D9C-BD03-F6D352635E0C}.ChromeTesting|Any CPU.Build.0 = Release|Any CPU
		{1D3BCFE2-BC96-4D9C-BD03-F6D352635E0C}.Debug|Any CPU.ActiveCfg = Debug|Any CPU
		{1D3BCFE2-BC96-4D9C-BD03-F6D352635E0C}.Debug|Any CPU.Build.0 = Debug|Any CPU
		{1D3BCFE2-BC96-4D9C-BD03-F6D352635E0C}.Release|Any CPU.ActiveCfg = Release|Any CPU
		{1D3BCFE2-BC96-4D9C-BD03-F6D352635E0C}.Release|Any CPU.Build.0 = Release|Any CPU
		{1D3BCFE2-BC96-4D9C-BD03-F6D352635E0C}.Staging|Any CPU.ActiveCfg = Release|Any CPU
		{1D3BCFE2-BC96-4D9C-BD03-F6D352635E0C}.Staging|Any CPU.Build.0 = Release|Any CPU
		{899B57C1-EA00-482C-B7D8-CEFCF03C46C6}.ChromeTesting|Any CPU.ActiveCfg = Release|Any CPU
		{899B57C1-EA00-482C-B7D8-CEFCF03C46C6}.ChromeTesting|Any CPU.Build.0 = Release|Any CPU
		{899B57C1-EA00-482C-B7D8-CEFCF03C46C6}.Debug|Any CPU.ActiveCfg = Debug|Any CPU
		{899B57C1-EA00-482C-B7D8-CEFCF03C46C6}.Debug|Any CPU.Build.0 = Debug|Any CPU
		{899B57C1-EA00-482C-B7D8-CEFCF03C46C6}.Release|Any CPU.ActiveCfg = Release|Any CPU
		{899B57C1-EA00-482C-B7D8-CEFCF03C46C6}.Release|Any CPU.Build.0 = Release|Any CPU
		{899B57C1-EA00-482C-B7D8-CEFCF03C46C6}.Staging|Any CPU.ActiveCfg = Release|Any CPU
		{899B57C1-EA00-482C-B7D8-CEFCF03C46C6}.Staging|Any CPU.Build.0 = Release|Any CPU
		{A701DFB2-38EC-4787-9C0F-A613A9BC579F}.ChromeTesting|Any CPU.ActiveCfg = Release|Any CPU
		{A701DFB2-38EC-4787-9C0F-A613A9BC579F}.ChromeTesting|Any CPU.Build.0 = Release|Any CPU
		{A701DFB2-38EC-4787-9C0F-A613A9BC579F}.Debug|Any CPU.ActiveCfg = Debug|Any CPU
		{A701DFB2-38EC-4787-9C0F-A613A9BC579F}.Debug|Any CPU.Build.0 = Debug|Any CPU
		{A701DFB2-38EC-4787-9C0F-A613A9BC579F}.Release|Any CPU.ActiveCfg = Release|Any CPU
		{A701DFB2-38EC-4787-9C0F-A613A9BC579F}.Release|Any CPU.Build.0 = Release|Any CPU
		{A701DFB2-38EC-4787-9C0F-A613A9BC579F}.Staging|Any CPU.ActiveCfg = Release|Any CPU
		{A701DFB2-38EC-4787-9C0F-A613A9BC579F}.Staging|Any CPU.Build.0 = Release|Any CPU
		{9C76A7E7-082B-452B-9D72-54DC161B6E71}.ChromeTesting|Any CPU.ActiveCfg = Release|Any CPU
		{9C76A7E7-082B-452B-9D72-54DC161B6E71}.ChromeTesting|Any CPU.Build.0 = Release|Any CPU
		{9C76A7E7-082B-452B-9D72-54DC161B6E71}.Debug|Any CPU.ActiveCfg = Debug|Any CPU
		{9C76A7E7-082B-452B-9D72-54DC161B6E71}.Debug|Any CPU.Build.0 = Debug|Any CPU
		{9C76A7E7-082B-452B-9D72-54DC161B6E71}.Release|Any CPU.ActiveCfg = Release|Any CPU
		{9C76A7E7-082B-452B-9D72-54DC161B6E71}.Release|Any CPU.Build.0 = Release|Any CPU
		{9C76A7E7-082B-452B-9D72-54DC161B6E71}.Staging|Any CPU.ActiveCfg = Release|Any CPU
		{9C76A7E7-082B-452B-9D72-54DC161B6E71}.Staging|Any CPU.Build.0 = Release|Any CPU
	EndGlobalSection
	GlobalSection(SolutionProperties) = preSolution
		HideSolutionNode = FALSE
	EndGlobalSection
EndGlobal
